
Microsoft Visual Studio Solution File, Format Version 12.00
# Visual Studio Version 17
VisualStudioVersion = 17.2.32630.192
MinimumVisualStudioVersion = 10.0.40219.1
Project("{FAE04EC0-301F-11D3-BF4B-00C04F79EFBC}") = "s2h1", "s2h1\s2h1.csproj", "{96356EA0-FED2-4023-9737-ADEAAB03351F}"
EndProject
Global
	GlobalSection(SolutionConfigurationPlatforms) = preSolution
		Debug|Any CPU = Debug|Any CPU
		Release|Any CPU = Release|Any CPU
	EndGlobalSection
	GlobalSection(ProjectConfigurationPlatforms) = postSolution
		{96356EA0-FED2-4023-9737-ADEAAB03351F}.Debug|Any CPU.ActiveCfg = Debug|Any CPU
		{96356EA0-FED2-4023-9737-ADEAAB03351F}.Debug|Any CPU.Build.0 = Debug|Any CPU
		{96356EA0-FED2-4023-9737-ADEAAB03351F}.Release|Any CPU.ActiveCfg = Release|Any CPU
		{96356EA0-FED2-4023-9737-ADEAAB03351F}.Release|Any CPU.Build.0 = Release|Any CPU
	EndGlobalSection
	GlobalSection(SolutionProperties) = preSolution
		HideSolutionNode = FALSE
	EndGlobalSection
	GlobalSection(ExtensibilityGlobals) = postSolution
		SolutionGuid = {6A1F709C-2E59-4C99-BD4F-24537C9A37B6}
	EndGlobalSection
EndGlobal
